// !$*UTF8*$!
{
	archiveVersion = 1;
	classes = {
	};
	objectVersion = 48;
	objects = {

/* Begin PBXBuildFile section */
		8CFB7FCF203DD680009518DB /* AppDelegate.swift in Sources */ = {isa = PBXBuildFile; fileRef = 8CFB7FCE203DD680009518DB /* AppDelegate.swift */; };
		8CFB7FD1203DD680009518DB /* ViewController.swift in Sources */ = {isa = PBXBuildFile; fileRef = 8CFB7FD0203DD680009518DB /* ViewController.swift */; };
		8CFB7FD6203DD680009518DB /* Assets.xcassets in Resources */ = {isa = PBXBuildFile; fileRef = 8CFB7FD5203DD680009518DB /* Assets.xcassets */; };
		8CFB7FD9203DD680009518DB /* LaunchScreen.storyboard in Resources */ = {isa = PBXBuildFile; fileRef = 8CFB7FD7203DD680009518DB /* LaunchScreen.storyboard */; };
		8CFB7FE1203DD8B1009518DB /* pound-yen-euro-dollar.png in Resources */ = {isa = PBXBuildFile; fileRef = 8CFB7FE0203DD8B1009518DB /* pound-yen-euro-dollar.png */; };
		8CFB7FE2203E085A009518DB /* Main.storyboard in Resources */ = {isa = PBXBuildFile; fileRef = 8CFB7FD2203DD680009518DB /* Main.storyboard */; };
		8CFB7FE5203E0F0A009518DB /* Main-BeforeEdits.storyboard in Resources */ = {isa = PBXBuildFile; fileRef = 8CFB7FE3203E0F0A009518DB /* Main-BeforeEdits.storyboard */; };
/* End PBXBuildFile section */

/* Begin PBXFileReference section */
		8CFB7FCB203DD680009518DB /* CurrencyConverter.app */ = {isa = PBXFileReference; explicitFileType = wrapper.application; includeInIndex = 0; path = CurrencyConverter.app; sourceTree = BUILT_PRODUCTS_DIR; };
		8CFB7FCE203DD680009518DB /* AppDelegate.swift */ = {isa = PBXFileReference; lastKnownFileType = sourcecode.swift; path = AppDelegate.swift; sourceTree = "<group>"; };
		8CFB7FD0203DD680009518DB /* ViewController.swift */ = {isa = PBXFileReference; lastKnownFileType = sourcecode.swift; path = ViewController.swift; sourceTree = "<group>"; };
		8CFB7FD3203DD680009518DB /* Base */ = {isa = PBXFileReference; lastKnownFileType = file.storyboard; name = Base; path = Base.lproj/Main.storyboard; sourceTree = "<group>"; };
		8CFB7FD5203DD680009518DB /* Assets.xcassets */ = {isa = PBXFileReference; lastKnownFileType = folder.assetcatalog; path = Assets.xcassets; sourceTree = "<group>"; };
		8CFB7FD8203DD680009518DB /* Base */ = {isa = PBXFileReference; lastKnownFileType = file.storyboard; name = Base; path = Base.lproj/LaunchScreen.storyboard; sourceTree = "<group>"; };
		8CFB7FDA203DD680009518DB /* Info.plist */ = {isa = PBXFileReference; lastKnownFileType = text.plist.xml; path = Info.plist; sourceTree = "<group>"; };
		8CFB7FE0203DD8B1009518DB /* pound-yen-euro-dollar.png */ = {isa = PBXFileReference; lastKnownFileType = image.png; path = "pound-yen-euro-dollar.png"; sourceTree = "<group>"; };
		8CFB7FE4203E0F0A009518DB /* Base */ = {isa = PBXFileReference; lastKnownFileType = file.storyboard; name = Base; path = "CurrencyConverter/Base.lproj/Main-BeforeEdits.storyboard"; sourceTree = "<group>"; };
/* End PBXFileReference section */

/* Begin PBXFrameworksBuildPhase section */
		8CFB7FC8203DD680009518DB /* Frameworks */ = {
			isa = PBXFrameworksBuildPhase;
			buildActionMask = 2147483647;
			files = (
			);
			runOnlyForDeploymentPostprocessing = 0;
		};
/* End PBXFrameworksBuildPhase section */

/* Begin PBXGroup section */
		8CFB7FC2203DD680009518DB = {
			isa = PBXGroup;
			children = (
				8CFB7FE3203E0F0A009518DB /* Main-BeforeEdits.storyboard */,
				8CFB7FCD203DD680009518DB /* CurrencyConverter */,
				8CFB7FCC203DD680009518DB /* Products */,
			);
			sourceTree = "<group>";
		};
		8CFB7FCC203DD680009518DB /* Products */ = {
			isa = PBXGroup;
			children = (
				8CFB7FCB203DD680009518DB /* CurrencyConverter.app */,
			);
			name = Products;
			sourceTree = "<group>";
		};
		8CFB7FCD203DD680009518DB /* CurrencyConverter */ = {
			isa = PBXGroup;
			children = (
				8CFB7FCE203DD680009518DB /* AppDelegate.swift */,
				8CFB7FD0203DD680009518DB /* ViewController.swift */,
				8CFB7FD2203DD680009518DB /* Main.storyboard */,
				8CFB7FD5203DD680009518DB /* Assets.xcassets */,
				8CFB7FD7203DD680009518DB /* LaunchScreen.storyboard */,
				8CFB7FE0203DD8B1009518DB /* pound-yen-euro-dollar.png */,
				8CFB7FDA203DD680009518DB /* Info.plist */,
			);
			path = CurrencyConverter;
			sourceTree = "<group>";
		};
/* End PBXGroup section */

/* Begin PBXNativeTarget section */
		8CFB7FCA203DD680009518DB /* CurrencyConverter */ = {
			isa = PBXNativeTarget;
			buildConfigurationList = 8CFB7FDD203DD680009518DB /* Build configuration list for PBXNativeTarget "CurrencyConverter" */;
			buildPhases = (
				8CFB7FC7203DD680009518DB /* Sources */,
				8CFB7FC8203DD680009518DB /* Frameworks */,
				8CFB7FC9203DD680009518DB /* Resources */,
			);
			buildRules = (
			);
			dependencies = (
			);
			name = CurrencyConverter;
			productName = CurrencyConverter;
			productReference = 8CFB7FCB203DD680009518DB /* CurrencyConverter.app */;
			productType = "com.apple.product-type.application";
		};
/* End PBXNativeTarget section */

/* Begin PBXProject section */
		8CFB7FC3203DD680009518DB /* Project object */ = {
			isa = PBXProject;
			attributes = {
				LastSwiftUpdateCheck = 0920;
				LastUpgradeCheck = 0920;
				ORGANIZATIONNAME = LAS;
				TargetAttributes = {
					8CFB7FCA203DD680009518DB = {
						CreatedOnToolsVersion = 9.2;
						ProvisioningStyle = Automatic;
					};
				};
			};
			buildConfigurationList = 8CFB7FC6203DD680009518DB /* Build configuration list for PBXProject "CurrencyConverter" */;
			compatibilityVersion = "Xcode 8.0";
			developmentRegion = en;
			hasScannedForEncodings = 0;
			knownRegions = (
				en,
				Base,
			);
			mainGroup = 8CFB7FC2203DD680009518DB;
			productRefGroup = 8CFB7FCC203DD680009518DB /* Products */;
			projectDirPath = "";
			projectRoot = "";
			targets = (
				8CFB7FCA203DD680009518DB /* CurrencyConverter */,
			);
		};
/* End PBXProject section */

/* Begin PBXResourcesBuildPhase section */
		8CFB7FC9203DD680009518DB /* Resources */ = {
			isa = PBXResourcesBuildPhase;
			buildActionMask = 2147483647;
			files = (
				8CFB7FD9203DD680009518DB /* LaunchScreen.storyboard in Resources */,
				8CFB7FE5203E0F0A009518DB /* Main-BeforeEdits.storyboard in Resources */,
				8CFB7FD6203DD680009518DB /* Assets.xcassets in Resources */,
				8CFB7FE1203DD8B1009518DB /* pound-yen-euro-dollar.png in Resources */,
				8CFB7FE2203E085A009518DB /* Main.storyboard in Resources */,
			);
			runOnlyForDeploymentPostprocessing = 0;
		};
/* End PBXResourcesBuildPhase section */

/* Begin PBXSourcesBuildPhase section */
		8CFB7FC7203DD680009518DB /* Sources */ = {
			isa = PBXSourcesBuildPhase;
			buildActionMask = 2147483647;
			files = (
				8CFB7FD1203DD680009518DB /* ViewController.swift in Sources */,
				8CFB7FCF203DD680009518DB /* AppDelegate.swift in Sources */,
			);
			runOnlyForDeploymentPostprocessing = 0;
		};
/* End PBXSourcesBuildPhase section */

/* Begin PBXVariantGroup section */
		8CFB7FD2203DD680009518DB /* Main.storyboard */ = {
			isa = PBXVariantGroup;
			children = (
				8CFB7FD3203DD680009518DB /* Base */,
			);
			name = Main.storyboard;
			sourceTree = "<group>";
		};
		8CFB7FD7203DD680009518DB /* LaunchScreen.storyboard */ = {
			isa = PBXVariantGroup;
			children = (
				8CFB7FD8203DD680009518DB /* Base */,
			);
			name = LaunchScreen.storyboard;
			sourceTree = "<group>";
		};
		8CFB7FE3203E0F0A009518DB /* Main-BeforeEdits.storyboard */ = {
			isa = PBXVariantGroup;
			children = (
				8CFB7FE4203E0F0A009518DB /* Base */,
			);
			name = "Main-BeforeEdits.storyboard";
			sourceTree = "<group>";
		};
/* End PBXVariantGroup section */

/* Begin XCBuildConfiguration section */
		8CFB7FDB203DD680009518DB /* Debug */ = {
			isa = XCBuildConfiguration;
			buildSettings = {
				ALWAYS_SEARCH_USER_PATHS = NO;
				CLANG_ANALYZER_NONNULL = YES;
				CLANG_ANALYZER_NUMBER_OBJECT_CONVERSION = YES_AGGRESSIVE;
				CLANG_CXX_LANGUAGE_STANDARD = "gnu++14";
				CLANG_CXX_LIBRARY = "libc++";
				CLANG_ENABLE_MODULES = YES;
				CLANG_ENABLE_OBJC_ARC = YES;
				CLANG_WARN_BLOCK_CAPTURE_AUTORELEASING = YES;
				CLANG_WARN_BOOL_CONVERSION = YES;
				CLANG_WARN_COMMA = YES;
				CLANG_WARN_CONSTANT_CONVERSION = YES;
				CLANG_WARN_DIRECT_OBJC_ISA_USAGE = YES_ERROR;
				CLANG_WARN_DOCUMENTATION_COMMENTS = YES;
				CLANG_WARN_EMPTY_BODY = YES;
				CLANG_WARN_ENUM_CONVERSION = YES;
				CLANG_WARN_INFINITE_RECURSION = YES;
				CLANG_WARN_INT_CONVERSION = YES;
				CLANG_WARN_NON_LITERAL_NULL_CONVERSION = YES;
				CLANG_WARN_OBJC_LITERAL_CONVERSION = YES;
				CLANG_WARN_OBJC_ROOT_CLASS = YES_ERROR;
				CLANG_WARN_RANGE_LOOP_ANALYSIS = YES;
				CLANG_WARN_STRICT_PROTOTYPES = YES;
				CLANG_WARN_SUSPICIOUS_MOVE = YES;
				CLANG_WARN_UNGUARDED_AVAILABILITY = YES_AGGRESSIVE;
				CLANG_WARN_UNREACHABLE_CODE = YES;
				CLANG_WARN__DUPLICATE_METHOD_MATCH = YES;
				CODE_SIGN_IDENTITY = "iPhone Developer";
				COPY_PHASE_STRIP = NO;
				DEBUG_INFORMATION_FORMAT = dwarf;
				ENABLE_STRICT_OBJC_MSGSEND = YES;
				ENABLE_TESTABILITY = YES;
				GCC_C_LANGUAGE_STANDARD = gnu11;
				GCC_DYNAMIC_NO_PIC = NO;
				GCC_NO_COMMON_BLOCKS = YES;
				GCC_OPTIMIZATION_LEVEL = 0;
				GCC_PREPROCESSOR_DEFINITIONS = (
					"DEBUG=1",
					"$(inherited)",
				);
				GCC_WARN_64_TO_32_BIT_CONVERSION = YES;
				GCC_WARN_ABOUT_RETURN_TYPE = YES_ERROR;
				GCC_WARN_UNDECLARED_SELECTOR = YES;
				GCC_WARN_UNINITIALIZED_AUTOS = YES_AGGRESSIVE;
				GCC_WARN_UNUSED_FUNCTION = YES;
				GCC_WARN_UNUSED_VARIABLE = YES;
				IPHONEOS_DEPLOYMENT_TARGET = 11.2;
				MTL_ENABLE_DEBUG_INFO = YES;
				ONLY_ACTIVE_ARCH = YES;
				SDKROOT = iphoneos;
				SWIFT_ACTIVE_COMPILATION_CONDITIONS = DEBUG;
				SWIFT_OPTIMIZATION_LEVEL = "-Onone";
			};
			name = Debug;
		};
		8CFB7FDC203DD680009518DB /* Release */ = {
			isa = XCBuildConfiguration;
			buildSettings = {
				ALWAYS_SEARCH_USER_PATHS = NO;
				CLANG_ANALYZER_NONNULL = YES;
				CLANG_ANALYZER_NUMBER_OBJECT_CONVERSION = YES_AGGRESSIVE;
				CLANG_CXX_LANGUAGE_STANDARD = "gnu++14";
				CLANG_CXX_LIBRARY = "libc++";
				CLANG_ENABLE_MODULES = YES;
				CLANG_ENABLE_OBJC_ARC = YES;
				CLANG_WARN_BLOCK_CAPTURE_AUTORELEASING = YES;
				CLANG_WARN_BOOL_CONVERSION = YES;
				CLANG_WARN_COMMA = YES;
				CLANG_WARN_CONSTANT_CONVERSION = YES;
				CLANG_WARN_DIRECT_OBJC_ISA_USAGE = YES_ERROR;
				CLANG_WARN_DOCUMENTATION_COMMENTS = YES;
				CLANG_WARN_EMPTY_BODY = YES;
				CLANG_WARN_ENUM_CONVERSION = YES;
				CLANG_WARN_INFINITE_RECURSION = YES;
				CLANG_WARN_INT_CONVERSION = YES;
				CLANG_WARN_NON_LITERAL_NULL_CONVERSION = YES;
				CLANG_WARN_OBJC_LITERAL_CONVERSION = YES;
				CLANG_WARN_OBJC_ROOT_CLASS = YES_ERROR;
				CLANG_WARN_RANGE_LOOP_ANALYSIS = YES;
				CLANG_WARN_STRICT_PROTOTYPES = YES;
				CLANG_WARN_SUSPICIOUS_MOVE = YES;
				CLANG_WARN_UNGUARDED_AVAILABILITY = YES_AGGRESSIVE;
				CLANG_WARN_UNREACHABLE_CODE = YES;
				CLANG_WARN__DUPLICATE_METHOD_MATCH = YES;
				CODE_SIGN_IDENTITY = "iPhone Developer";
				COPY_PHASE_STRIP = NO;
				DEBUG_INFORMATION_FORMAT = "dwarf-with-dsym";
				ENABLE_NS_ASSERTIONS = NO;
				ENABLE_STRICT_OBJC_MSGSEND = YES;
				GCC_C_LANGUAGE_STANDARD = gnu11;
				GCC_NO_COMMON_BLOCKS = YES;
				GCC_WARN_64_TO_32_BIT_CONVERSION = YES;
				GCC_WARN_ABOUT_RETURN_TYPE = YES_ERROR;
				GCC_WARN_UNDECLARED_SELECTOR = YES;
				GCC_WARN_UNINITIALIZED_AUTOS = YES_AGGRESSIVE;
				GCC_WARN_UNUSED_FUNCTION = YES;
				GCC_WARN_UNUSED_VARIABLE = YES;
				IPHONEOS_DEPLOYMENT_TARGET = 11.2;
				MTL_ENABLE_DEBUG_INFO = NO;
				SDKROOT = iphoneos;
				SWIFT_OPTIMIZATION_LEVEL = "-Owholemodule";
				VALIDATE_PRODUCT = YES;
			};
			name = Release;
		};
		8CFB7FDE203DD680009518DB /* Debug */ = {
			isa = XCBuildConfiguration;
			buildSettings = {
				ASSETCATALOG_COMPILER_APPICON_NAME = AppIcon;
				CODE_SIGN_STYLE = Automatic;
				DEVELOPMENT_TEAM = 2AZ5F7EP6V;
				INFOPLIST_FILE = CurrencyConverter/Info.plist;
				LD_RUNPATH_SEARCH_PATHS = "$(inherited) @executable_path/Frameworks";
				PRODUCT_BUNDLE_IDENTIFIER = com.las.CurrencyConverter;
				PRODUCT_NAME = "$(TARGET_NAME)";
				SWIFT_VERSION = 4.0;
				TARGETED_DEVICE_FAMILY = "1,2";
			};
			name = Debug;
		};
		8CFB7FDF203DD680009518DB /* Release */ = {
			isa = XCBuildConfiguration;
			buildSettings = {
				ASSETCATALOG_COMPILER_APPICON_NAME = AppIcon;
				CODE_SIGN_STYLE = Automatic;
				DEVELOPMENT_TEAM = 2AZ5F7EP6V;
				INFOPLIST_FILE = CurrencyConverter/Info.plist;
				LD_RUNPATH_SEARCH_PATHS = "$(inherited) @executable_path/Frameworks";
				PRODUCT_BUNDLE_IDENTIFIER = com.las.CurrencyConverter;
				PRODUCT_NAME = "$(TARGET_NAME)";
				SWIFT_VERSION = 4.0;
				TARGETED_DEVICE_FAMILY = "1,2";
			};
			name = Release;
		};
/* End XCBuildConfiguration section */

/* Begin XCConfigurationList section */
		8CFB7FC6203DD680009518DB /* Build configuration list for PBXProject "CurrencyConverter" */ = {
			isa = XCConfigurationList;
			buildConfigurations = (
				8CFB7FDB203DD680009518DB /* Debug */,
				8CFB7FDC203DD680009518DB /* Release */,
			);
			defaultConfigurationIsVisible = 0;
			defaultConfigurationName = Release;
		};
		8CFB7FDD203DD680009518DB /* Build configuration list for PBXNativeTarget "CurrencyConverter" */ = {
			isa = XCConfigurationList;
			buildConfigurations = (
				8CFB7FDE203DD680009518DB /* Debug */,
				8CFB7FDF203DD680009518DB /* Release */,
			);
			defaultConfigurationIsVisible = 0;
			defaultConfigurationName = Release;
		};
/* End XCConfigurationList section */
	};
	rootObject = 8CFB7FC3203DD680009518DB /* Project object */;
}
